
Microsoft Visual Studio Solution File, Format Version 12.00
# Visual Studio 15
VisualStudioVersion = 15.0.28307.1259
MinimumVisualStudioVersion = 10.0.40219.1
Project("{FAE04EC0-301F-11D3-BF4B-00C04F79EFBC}") = "CertificadoAcreenciaWeb", "CertificadoAcreenciaWeb\CertificadoAcreenciaWeb.csproj", "{2771842F-9EA9-4138-859D-79671316775E}"
EndProject
Global
	GlobalSection(SolutionConfigurationPlatforms) = preSolution
		Debug|Any CPU = Debug|Any CPU
		Release|Any CPU = Release|Any CPU
	EndGlobalSection
	GlobalSection(ProjectConfigurationPlatforms) = postSolution
		{2771842F-9EA9-4138-859D-79671316775E}.Debug|Any CPU.ActiveCfg = Debug|Any CPU
		{2771842F-9EA9-4138-859D-79671316775E}.Debug|Any CPU.Build.0 = Debug|Any CPU
		{2771842F-9EA9-4138-859D-79671316775E}.Release|Any CPU.ActiveCfg = Release|Any CPU
		{2771842F-9EA9-4138-859D-79671316775E}.Release|Any CPU.Build.0 = Release|Any CPU
	EndGlobalSection
	GlobalSection(SolutionProperties) = preSolution
		HideSolutionNode = FALSE
	EndGlobalSection
	GlobalSection(ExtensibilityGlobals) = postSolution
		SolutionGuid = {5EA73320-A59F-43E2-970E-60F1D4122C82}
	EndGlobalSection
EndGlobal
